1376617545121da9a4634704da9d8d72 https://raw.githubusercontent.com/Eonasdan/bootstrap-datetimepicker/4.15.35/build/css/bootstrap-datetimepicker.css css/bootstrap-datetimepicker.css
21e5ddd2e9eb751daa3dbddecdc90722 https://raw.githubusercontent.com/Eonasdan/bootstrap-datetimepicker/4.15.35/build/js/bootstrap-datetimepicker.min.js js/bootstrap-datetimepicker.min.js
79e08df1b808822669ce4166f8fff7a9 https://raw.githubusercontent.com/moment/moment/2.13.0/min/moment-with-locales.min.js js/moment-with-locales.min.js
